
Microsoft Visual Studio Solution File, Format Version 12.00
# Visual Studio Version 17
VisualStudioVersion = 17.10.34825.169
MinimumVisualStudioVersion = 10.0.40219.1
Project("{FAE04EC0-301F-11D3-BF4B-00C04F79EFBC}") = "MsFeatureManagementSample.Web", "src\MsFeatureManagementSample.Web\MsFeatureManagementSample.Web.csproj", "{C5A0DCE1-BB03-404F-B7E6-5571373D69D9}"
EndProject
Global
	GlobalSection(SolutionConfigurationPlatforms) = preSolution
		Debug|Any CPU = Debug|Any CPU
		Release|Any CPU = Release|Any CPU
	EndGlobalSection
	GlobalSection(ProjectConfigurationPlatforms) = postSolution
		{C5A0DCE1-BB03-404F-B7E6-5571373D69D9}.Debug|Any CPU.ActiveCfg = Debug|Any CPU
		{C5A0DCE1-BB03-404F-B7E6-5571373D69D9}.Debug|Any CPU.Build.0 = Debug|Any CPU
		{C5A0DCE1-BB03-404F-B7E6-5571373D69D9}.Release|Any CPU.ActiveCfg = Release|Any CPU
		{C5A0DCE1-BB03-404F-B7E6-5571373D69D9}.Release|Any CPU.Build.0 = Release|Any CPU
	EndGlobalSection
	GlobalSection(SolutionProperties) = preSolution
		HideSolutionNode = FALSE
	EndGlobalSection
	GlobalSection(ExtensibilityGlobals) = postSolution
		SolutionGuid = {A1957149-A805-46BA-9C99-364E792251A6}
	EndGlobalSection
EndGlobal
